<Solution>
  <Folder Name="/src/">
    <Project Path="CognitivePlatform.SmokeTest/CognitivePlatform.SmokeTest.csproj" />
    <Project Path="CognitivePlatform/CognitivePlatform.Api.csproj" />
    <Project Path="CognitivePlatform.Admin/CognitivePlatform.Admin.csproj" />
    <Project Path="src/CognitivePlatform.Tests/CognitivePlatform.Tests.csproj" />
    <Project Path="src/CognitivePlatform.IntegrationTests/CognitivePlatform.IntegrationTests.csproj" />
    <Project Path="src/CognitivePlatform.DemoSetup/CognitivePlatform.DemoSetup.csproj" />
  </Folder>
  <Project Path="../LocalAIAssistant/LaaUnitTests/LaaUnitTests.csproj" />
</Solution>
